
Microsoft Visual Studio Solution File, Format Version 12.00
# Visual Studio Version 17
VisualStudioVersion = 17.7.34031.279
MinimumVisualStudioVersion = 10.0.40219.1
Project("{FAE04EC0-301F-11D3-BF4B-00C04F79EFBC}") = "Swapnum", "Swapnum\Swapnum.csproj", "{A77B9735-A02A-4804-B4EB-EDA5943B8ED9}"
EndProject
Global
	GlobalSection(SolutionConfigurationPlatforms) = preSolution
		Debug|Any CPU = Debug|Any CPU
		Release|Any CPU = Release|Any CPU
	EndGlobalSection
	GlobalSection(ProjectConfigurationPlatforms) = postSolution
		{A77B9735-A02A-4804-B4EB-EDA5943B8ED9}.Debug|Any CPU.ActiveCfg = Debug|Any CPU
		{A77B9735-A02A-4804-B4EB-EDA5943B8ED9}.Debug|Any CPU.Build.0 = Debug|Any CPU
		{A77B9735-A02A-4804-B4EB-EDA5943B8ED9}.Release|Any CPU.ActiveCfg = Release|Any CPU
		{A77B9735-A02A-4804-B4EB-EDA5943B8ED9}.Release|Any CPU.Build.0 = Release|Any CPU
	EndGlobalSection
	GlobalSection(SolutionProperties) = preSolution
		HideSolutionNode = FALSE
	EndGlobalSection
	GlobalSection(ExtensibilityGlobals) = postSolution
		SolutionGuid = {C8F31421-A9F1-4E82-87A1-2135200E9997}
	EndGlobalSection
EndGlobal
